// !$*UTF8*$!
{
	archiveVersion = 1;
	classes = {
	};
	objectVersion = 48;
	objects = {

/* Begin PBXBuildFile section */
		BA1751C0206ED36F000041DC /* PlayViewController.swift in Sources */ = {isa = PBXBuildFile; fileRef = BA1751BF206ED36F000041DC /* PlayViewController.swift */; };
		BACC9384206E2AD00020CC3A /* AppDelegate.swift in Sources */ = {isa = PBXBuildFile; fileRef = BACC9383206E2AD00020CC3A /* AppDelegate.swift */; };
		BACC9386206E2AD00020CC3A /* RecordViewController.swift in Sources */ = {isa = PBXBuildFile; fileRef = BACC9385206E2AD00020CC3A /* RecordViewController.swift */; };
		BACC9389206E2AD00020CC3A /* Main.storyboard in Resources */ = {isa = PBXBuildFile; fileRef = BACC9387206E2AD00020CC3A /* Main.storyboard */; };
		BACC938B206E2AD00020CC3A /* Assets.xcassets in Resources */ = {isa = PBXBuildFile; fileRef = BACC938A206E2AD00020CC3A /* Assets.xcassets */; };
		BACC938E206E2AD00020CC3A /* LaunchScreen.storyboard in Resources */ = {isa = PBXBuildFile; fileRef = BACC938C206E2AD00020CC3A /* LaunchScreen.storyboard */; };
		BAFD515720729C290029C425 /* playsoundsviewcontroller-audio.swift in Sources */ = {isa = PBXBuildFile; fileRef = BAFD515620729C290029C425 /* playsoundsviewcontroller-audio.swift */; };
/* End PBXBuildFile section */

/* Begin PBXFileReference section */
		BA1751BF206ED36F000041DC /* PlayViewController.swift */ = {isa = PBXFileReference; lastKnownFileType = sourcecode.swift; path = PlayViewController.swift; sourceTree = "<group>"; };
		BACC9380206E2AD00020CC3A /* playback 2.0.app */ = {isa = PBXFileReference; explicitFileType = wrapper.application; includeInIndex = 0; path = "playback 2.0.app"; sourceTree = BUILT_PRODUCTS_DIR; };
		BACC9383206E2AD00020CC3A /* AppDelegate.swift */ = {isa = PBXFileReference; lastKnownFileType = sourcecode.swift; path = AppDelegate.swift; sourceTree = "<group>"; };
		BACC9385206E2AD00020CC3A /* RecordViewController.swift */ = {isa = PBXFileReference; lastKnownFileType = sourcecode.swift; path = RecordViewController.swift; sourceTree = "<group>"; };
		BACC9388206E2AD00020CC3A /* Base */ = {isa = PBXFileReference; lastKnownFileType = file.storyboard; name = Base; path = Base.lproj/Main.storyboard; sourceTree = "<group>"; };
		BACC938A206E2AD00020CC3A /* Assets.xcassets */ = {isa = PBXFileReference; lastKnownFileType = folder.assetcatalog; path = Assets.xcassets; sourceTree = "<group>"; };
		BACC938D206E2AD00020CC3A /* Base */ = {isa = PBXFileReference; lastKnownFileType = file.storyboard; name = Base; path = Base.lproj/LaunchScreen.storyboard; sourceTree = "<group>"; };
		BACC938F206E2AD00020CC3A /* Info.plist */ = {isa = PBXFileReference; lastKnownFileType = text.plist.xml; path = Info.plist; sourceTree = "<group>"; };
		BAFD515620729C290029C425 /* playsoundsviewcontroller-audio.swift */ = {isa = PBXFileReference; fileEncoding = 4; lastKnownFileType = sourcecode.swift; path = "playsoundsviewcontroller-audio.swift"; sourceTree = "<group>"; };
/* End PBXFileReference section */

/* Begin PBXFrameworksBuildPhase section */
		BACC937D206E2AD00020CC3A /* Frameworks */ = {
			isa = PBXFrameworksBuildPhase;
			buildActionMask = 2147483647;
			files = (
			);
			runOnlyForDeploymentPostprocessing = 0;
		};
/* End PBXFrameworksBuildPhase section */

/* Begin PBXGroup section */
		BACC9377206E2AD00020CC3A = {
			isa = PBXGroup;
			children = (
				BACC9382206E2AD00020CC3A /* playback 2.0 */,
				BACC9381206E2AD00020CC3A /* Products */,
			);
			sourceTree = "<group>";
		};
		BACC9381206E2AD00020CC3A /* Products */ = {
			isa = PBXGroup;
			children = (
				BACC9380206E2AD00020CC3A /* playback 2.0.app */,
			);
			name = Products;
			sourceTree = "<group>";
		};
		BACC9382206E2AD00020CC3A /* playback 2.0 */ = {
			isa = PBXGroup;
			children = (
				BACC9383206E2AD00020CC3A /* AppDelegate.swift */,
				BACC9385206E2AD00020CC3A /* RecordViewController.swift */,
				BACC9387206E2AD00020CC3A /* Main.storyboard */,
				BACC938A206E2AD00020CC3A /* Assets.xcassets */,
				BACC938C206E2AD00020CC3A /* LaunchScreen.storyboard */,
				BACC938F206E2AD00020CC3A /* Info.plist */,
				BA1751BF206ED36F000041DC /* PlayViewController.swift */,
				BAFD515620729C290029C425 /* playsoundsviewcontroller-audio.swift */,
			);
			path = "playback 2.0";
			sourceTree = "<group>";
		};
/* End PBXGroup section */

/* Begin PBXNativeTarget section */
		BACC937F206E2AD00020CC3A /* playback 2.0 */ = {
			isa = PBXNativeTarget;
			buildConfigurationList = BACC9392206E2AD00020CC3A /* Build configuration list for PBXNativeTarget "playback 2.0" */;
			buildPhases = (
				BACC937C206E2AD00020CC3A /* Sources */,
				BACC937D206E2AD00020CC3A /* Frameworks */,
				BACC937E206E2AD00020CC3A /* Resources */,
			);
			buildRules = (
			);
			dependencies = (
			);
			name = "playback 2.0";
			productName = "playback 2.0";
			productReference = BACC9380206E2AD00020CC3A /* playback 2.0.app */;
			productType = "com.apple.product-type.application";
		};
/* End PBXNativeTarget section */

/* Begin PBXProject section */
		BACC9378206E2AD00020CC3A /* Project object */ = {
			isa = PBXProject;
			attributes = {
				LastSwiftUpdateCheck = 0920;
				LastUpgradeCheck = 0920;
				ORGANIZATIONNAME = "Pradeep Singh";
				TargetAttributes = {
					BACC937F206E2AD00020CC3A = {
						CreatedOnToolsVersion = 9.2;
						ProvisioningStyle = Automatic;
					};
				};
			};
			buildConfigurationList = BACC937B206E2AD00020CC3A /* Build configuration list for PBXProject "playback 2.0" */;
			compatibilityVersion = "Xcode 8.0";
			developmentRegion = en;
			hasScannedForEncodings = 0;
			knownRegions = (
				en,
				Base,
			);
			mainGroup = BACC9377206E2AD00020CC3A;
			productRefGroup = BACC9381206E2AD00020CC3A /* Products */;
			projectDirPath = "";
			projectRoot = "";
			targets = (
				BACC937F206E2AD00020CC3A /* playback 2.0 */,
			);
		};
/* End PBXProject section */

/* Begin PBXResourcesBuildPhase section */
		BACC937E206E2AD00020CC3A /* Resources */ = {
			isa = PBXResourcesBuildPhase;
			buildActionMask = 2147483647;
			files = (
				BACC938E206E2AD00020CC3A /* LaunchScreen.storyboard in Resources */,
				BACC938B206E2AD00020CC3A /* Assets.xcassets in Resources */,
				BACC9389206E2AD00020CC3A /* Main.storyboard in Resources */,
			);
			runOnlyForDeploymentPostprocessing = 0;
		};
/* End PBXResourcesBuildPhase section */

/* Begin PBXSourcesBuildPhase section */
		BACC937C206E2AD00020CC3A /* Sources */ = {
			isa = PBXSourcesBuildPhase;
			buildActionMask = 2147483647;
			files = (
				BACC9386206E2AD00020CC3A /* RecordViewController.swift in Sources */,
				BA1751C0206ED36F000041DC /* PlayViewController.swift in Sources */,
				BACC9384206E2AD00020CC3A /* AppDelegate.swift in Sources */,
				BAFD515720729C290029C425 /* playsoundsviewcontroller-audio.swift in Sources */,
			);
			runOnlyForDeploymentPostprocessing = 0;
		};
/* End PBXSourcesBuildPhase section */

/* Begin PBXVariantGroup section */
		BACC9387206E2AD00020CC3A /* Main.storyboard */ = {
			isa = PBXVariantGroup;
			children = (
				BACC9388206E2AD00020CC3A /* Base */,
			);
			name = Main.storyboard;
			sourceTree = "<group>";
		};
		BACC938C206E2AD00020CC3A /* LaunchScreen.storyboard */ = {
			isa = PBXVariantGroup;
			children = (
				BACC938D206E2AD00020CC3A /* Base */,
			);
			name = LaunchScreen.storyboard;
			sourceTree = "<group>";
		};
/* End PBXVariantGroup section */

/* Begin XCBuildConfiguration section */
		BACC9390206E2AD00020CC3A /* Debug */ = {
			isa = XCBuildConfiguration;
			buildSettings = {
				ALWAYS_SEARCH_USER_PATHS = NO;
				CLANG_ANALYZER_NONNULL = YES;
				CLANG_ANALYZER_NUMBER_OBJECT_CONVERSION = YES_AGGRESSIVE;
				CLANG_CXX_LANGUAGE_STANDARD = "gnu++14";
				CLANG_CXX_LIBRARY = "libc++";
				CLANG_ENABLE_MODULES = YES;
				CLANG_ENABLE_OBJC_ARC = YES;
				CLANG_WARN_BLOCK_CAPTURE_AUTORELEASING = YES;
				CLANG_WARN_BOOL_CONVERSION = YES;
				CLANG_WARN_COMMA = YES;
				CLANG_WARN_CONSTANT_CONVERSION = YES;
				CLANG_WARN_DIRECT_OBJC_ISA_USAGE = YES_ERROR;
				CLANG_WARN_DOCUMENTATION_COMMENTS = YES;
				CLANG_WARN_EMPTY_BODY = YES;
				CLANG_WARN_ENUM_CONVERSION = YES;
				CLANG_WARN_INFINITE_RECURSION = YES;
				CLANG_WARN_INT_CONVERSION = YES;
				CLANG_WARN_NON_LITERAL_NULL_CONVERSION = YES;
				CLANG_WARN_OBJC_LITERAL_CONVERSION = YES;
				CLANG_WARN_OBJC_ROOT_CLASS = YES_ERROR;
				CLANG_WARN_RANGE_LOOP_ANALYSIS = YES;
				CLANG_WARN_STRICT_PROTOTYPES = YES;
				CLANG_WARN_SUSPICIOUS_MOVE = YES;
				CLANG_WARN_UNGUARDED_AVAILABILITY = YES_AGGRESSIVE;
				CLANG_WARN_UNREACHABLE_CODE = YES;
				CLANG_WARN__DUPLICATE_METHOD_MATCH = YES;
				CODE_SIGN_IDENTITY = "iPhone Developer";
				COPY_PHASE_STRIP = NO;
				DEBUG_INFORMATION_FORMAT = dwarf;
				ENABLE_STRICT_OBJC_MSGSEND = YES;
				ENABLE_TESTABILITY = YES;
				GCC_C_LANGUAGE_STANDARD = gnu11;
				GCC_DYNAMIC_NO_PIC = NO;
				GCC_NO_COMMON_BLOCKS = YES;
				GCC_OPTIMIZATION_LEVEL = 0;
				GCC_PREPROCESSOR_DEFINITIONS = (
					"DEBUG=1",
					"$(inherited)",
				);
				GCC_WARN_64_TO_32_BIT_CONVERSION = YES;
				GCC_WARN_ABOUT_RETURN_TYPE = YES_ERROR;
				GCC_WARN_UNDECLARED_SELECTOR = YES;
				GCC_WARN_UNINITIALIZED_AUTOS = YES_AGGRESSIVE;
				GCC_WARN_UNUSED_FUNCTION = YES;
				GCC_WARN_UNUSED_VARIABLE = YES;
				IPHONEOS_DEPLOYMENT_TARGET = 11.2;
				MTL_ENABLE_DEBUG_INFO = YES;
				ONLY_ACTIVE_ARCH = YES;
				SDKROOT = iphoneos;
				SWIFT_ACTIVE_COMPILATION_CONDITIONS = DEBUG;
				SWIFT_OPTIMIZATION_LEVEL = "-Onone";
			};
			name = Debug;
		};
		BACC9391206E2AD00020CC3A /* Release */ = {
			isa = XCBuildConfiguration;
			buildSettings = {
				ALWAYS_SEARCH_USER_PATHS = NO;
				CLANG_ANALYZER_NONNULL = YES;
				CLANG_ANALYZER_NUMBER_OBJECT_CONVERSION = YES_AGGRESSIVE;
				CLANG_CXX_LANGUAGE_STANDARD = "gnu++14";
				CLANG_CXX_LIBRARY = "libc++";
				CLANG_ENABLE_MODULES = YES;
				CLANG_ENABLE_OBJC_ARC = YES;
				CLANG_WARN_BLOCK_CAPTURE_AUTORELEASING = YES;
				CLANG_WARN_BOOL_CONVERSION = YES;
				CLANG_WARN_COMMA = YES;
				CLANG_WARN_CONSTANT_CONVERSION = YES;
				CLANG_WARN_DIRECT_OBJC_ISA_USAGE = YES_ERROR;
				CLANG_WARN_DOCUMENTATION_COMMENTS = YES;
				CLANG_WARN_EMPTY_BODY = YES;
				CLANG_WARN_ENUM_CONVERSION = YES;
				CLANG_WARN_INFINITE_RECURSION = YES;
				CLANG_WARN_INT_CONVERSION = YES;
				CLANG_WARN_NON_LITERAL_NULL_CONVERSION = YES;
				CLANG_WARN_OBJC_LITERAL_CONVERSION = YES;
				CLANG_WARN_OBJC_ROOT_CLASS = YES_ERROR;
				CLANG_WARN_RANGE_LOOP_ANALYSIS = YES;
				CLANG_WARN_STRICT_PROTOTYPES = YES;
				CLANG_WARN_SUSPICIOUS_MOVE = YES;
				CLANG_WARN_UNGUARDED_AVAILABILITY = YES_AGGRESSIVE;
				CLANG_WARN_UNREACHABLE_CODE = YES;
				CLANG_WARN__DUPLICATE_METHOD_MATCH = YES;
				CODE_SIGN_IDENTITY = "iPhone Developer";
				COPY_PHASE_STRIP = NO;
				DEBUG_INFORMATION_FORMAT = "dwarf-with-dsym";
				ENABLE_NS_ASSERTIONS = NO;
				ENABLE_STRICT_OBJC_MSGSEND = YES;
				GCC_C_LANGUAGE_STANDARD = gnu11;
				GCC_NO_COMMON_BLOCKS = YES;
				GCC_WARN_64_TO_32_BIT_CONVERSION = YES;
				GCC_WARN_ABOUT_RETURN_TYPE = YES_ERROR;
				GCC_WARN_UNDECLARED_SELECTOR = YES;
				GCC_WARN_UNINITIALIZED_AUTOS = YES_AGGRESSIVE;
				GCC_WARN_UNUSED_FUNCTION = YES;
				GCC_WARN_UNUSED_VARIABLE = YES;
				IPHONEOS_DEPLOYMENT_TARGET = 11.2;
				MTL_ENABLE_DEBUG_INFO = NO;
				SDKROOT = iphoneos;
				SWIFT_OPTIMIZATION_LEVEL = "-Owholemodule";
				VALIDATE_PRODUCT = YES;
			};
			name = Release;
		};
		BACC9393206E2AD00020CC3A /* Debug */ = {
			isa = XCBuildConfiguration;
			buildSettings = {
				ASSETCATALOG_COMPILER_APPICON_NAME = AppIcon;
				CODE_SIGN_STYLE = Automatic;
				INFOPLIST_FILE = "playback 2.0/Info.plist";
				LD_RUNPATH_SEARCH_PATHS = "$(inherited) @executable_path/Frameworks";
				PRODUCT_BUNDLE_IDENTIFIER = "com.example.playback-2-0";
				PRODUCT_NAME = "$(TARGET_NAME)";
				SWIFT_VERSION = 4.0;
				TARGETED_DEVICE_FAMILY = "1,2";
			};
			name = Debug;
		};
		BACC9394206E2AD00020CC3A /* Release */ = {
			isa = XCBuildConfiguration;
			buildSettings = {
				ASSETCATALOG_COMPILER_APPICON_NAME = AppIcon;
				CODE_SIGN_STYLE = Automatic;
				INFOPLIST_FILE = "playback 2.0/Info.plist";
				LD_RUNPATH_SEARCH_PATHS = "$(inherited) @executable_path/Frameworks";
				PRODUCT_BUNDLE_IDENTIFIER = "com.example.playback-2-0";
				PRODUCT_NAME = "$(TARGET_NAME)";
				SWIFT_VERSION = 4.0;
				TARGETED_DEVICE_FAMILY = "1,2";
			};
			name = Release;
		};
/* End XCBuildConfiguration section */

/* Begin XCConfigurationList section */
		BACC937B206E2AD00020CC3A /* Build configuration list for PBXProject "playback 2.0" */ = {
			isa = XCConfigurationList;
			buildConfigurations = (
				BACC9390206E2AD00020CC3A /* Debug */,
				BACC9391206E2AD00020CC3A /* Release */,
			);
			defaultConfigurationIsVisible = 0;
			defaultConfigurationName = Release;
		};
		BACC9392206E2AD00020CC3A /* Build configuration list for PBXNativeTarget "playback 2.0" */ = {
			isa = XCConfigurationList;
			buildConfigurations = (
				BACC9393206E2AD00020CC3A /* Debug */,
				BACC9394206E2AD00020CC3A /* Release */,
			);
			defaultConfigurationIsVisible = 0;
			defaultConfigurationName = Release;
		};
/* End XCConfigurationList section */
	};
	rootObject = BACC9378206E2AD00020CC3A /* Project object */;
}
